github.com/high-moctane/go-readerer v0.0.0-20191230143156-1ca39e735544 h1:Nly/VSTecrgGCX/KAX0fuqd2mEzSKqFrmEXLpw/4V2s=
github.com/high-moctane/go-readerer v0.0.0-20191230143156-1ca39e735544/go.mod h1:vODiwhB3mDG9W0/5RrP/UABW2IHZWdZaH7lxocx1PJg=
github.com/high-moctane/go-readerer v0.0.1 h1:joTTbd6W7Tascsrr3UnhsOBR20d7saT6fgzXtLIKR1g=
github.com/high-moctane/go-readerer v0.0.1/go.mod h1:vODiwhB3mDG9W0/5RrP/UABW2IHZWdZaH7lxocx1PJg=
