github.com/high-moctane/nwenc v0.1.1 h1:wmt+kAdkgAfZHj7Jlwr7m3lxq8iczXEydlnl0ZMLwSA=
github.com/high-moctane/nwenc v0.1.1/go.mod h1:6REV+Ridy2BaP88PeJ7POgCU28oE3EkOzCjhBCywdOQ=
github.com/high-moctane/nwenc v0.2.0 h1:s8+qLh5RSEgPMPa7P54vWoGPALxR+cs8TZh0lr53TB0=
github.com/high-moctane/nwenc v0.2.0/go.mod h1:6REV+Ridy2BaP88PeJ7POgCU28oE3EkOzCjhBCywdOQ=
